Microsoft Visual Studio Solution File, Format Version 12.00
# Visual Studio Version 17
VisualStudioVersion = 17.5.33516.290
MinimumVisualStudioVersion = 10.0.40219.1
Project("{2150E333-8FDC-42A3-9474-1A3956D46DE8}") = "stuff", "stuff", "{1ABDD7C1-1F8D-402D-8692-3E4B66962DE0}"
	ProjectSection(SolutionItems) = preProject
		appveyor.yml = appveyor.yml
		CHANGELOG.md = CHANGELOG.md
		CONTRIBUTING.md = CONTRIBUTING.md
		LICENSE.md = LICENSE.md
		README.md = README.md
	EndProjectSection
EndProject
Project("{9A19103F-16F7-4668-BE54-9A1E7A4F7556}") = "Rebus.Protobuf", "Rebus.Protobuf\Rebus.Protobuf.csproj", "{E18557D6-04AD-4C68-A69D-4EE8D614E437}"
EndProject
Project("{9A19103F-16F7-4668-BE54-9A1E7A4F7556}") = "Rebus.Protobuf.Tests", "Rebus.Protobuf.Tests\Rebus.Protobuf.Tests.csproj", "{CE94E30A-6A5A-4BF8-910C-B6302911A4B3}"
EndProject
Global
	GlobalSection(SolutionConfigurationPlatforms) = preSolution
		Debug|Any CPU = Debug|Any CPU
		Release|Any CPU = Release|Any CPU
	EndGlobalSection
	GlobalSection(ProjectConfigurationPlatforms) = postSolution
		{E18557D6-04AD-4C68-A69D-4EE8D614E437}.Debug|Any CPU.ActiveCfg = Debug|Any CPU
		{E18557D6-04AD-4C68-A69D-4EE8D614E437}.Debug|Any CPU.Build.0 = Debug|Any CPU
		{E18557D6-04AD-4C68-A69D-4EE8D614E437}.Release|Any CPU.ActiveCfg = Release|Any CPU
		{E18557D6-04AD-4C68-A69D-4EE8D614E437}.Release|Any CPU.Build.0 = Release|Any CPU
		{CE94E30A-6A5A-4BF8-910C-B6302911A4B3}.Debug|Any CPU.ActiveCfg = Debug|Any CPU
		{CE94E30A-6A5A-4BF8-910C-B6302911A4B3}.Debug|Any CPU.Build.0 = Debug|Any CPU
		{CE94E30A-6A5A-4BF8-910C-B6302911A4B3}.Release|Any CPU.ActiveCfg = Release|Any CPU
		{CE94E30A-6A5A-4BF8-910C-B6302911A4B3}.Release|Any CPU.Build.0 = Release|Any CPU
	EndGlobalSection
	GlobalSection(SolutionProperties) = preSolution
		HideSolutionNode = FALSE
	EndGlobalSection
EndGlobal
